
Microsoft Visual Studio Solution File, Format Version 12.00
# Visual Studio Version 17
VisualStudioVersion = 17.1.32210.238
MinimumVisualStudioVersion = 10.0.40219.1
Project("{FAE04EC0-301F-11D3-BF4B-00C04F79EFBC}") = "KamenNuzkyPapir", "KamenNuzkyPapir.csproj", "{AF3740C4-1CE2-4DB4-8566-4F099E8B879B}"
EndProject
Global
	GlobalSection(SolutionConfigurationPlatforms) = preSolution
		Debug|Any CPU = Debug|Any CPU
		Release|Any CPU = Release|Any CPU
	EndGlobalSection
	GlobalSection(ProjectConfigurationPlatforms) = postSolution
		{AF3740C4-1CE2-4DB4-8566-4F099E8B879B}.Debug|Any CPU.ActiveCfg = Debug|Any CPU
		{AF3740C4-1CE2-4DB4-8566-4F099E8B879B}.Debug|Any CPU.Build.0 = Debug|Any CPU
		{AF3740C4-1CE2-4DB4-8566-4F099E8B879B}.Release|Any CPU.ActiveCfg = Release|Any CPU
		{AF3740C4-1CE2-4DB4-8566-4F099E8B879B}.Release|Any CPU.Build.0 = Release|Any CPU
	EndGlobalSection
	GlobalSection(SolutionProperties) = preSolution
		HideSolutionNode = FALSE
	EndGlobalSection
	GlobalSection(ExtensibilityGlobals) = postSolution
		SolutionGuid = {591EE8FE-33C5-4FD0-92DF-81F4210ECED1}
	EndGlobalSection
EndGlobal
